
Microsoft Visual Studio Solution File, Format Version 12.00
# Visual Studio 14
VisualStudioVersion = 14.0.23107.0
MinimumVisualStudioVersion = 10.0.40219.1
Project("{FAE04EC0-301F-11D3-BF4B-00C04F79EFBC}") = "RevStack.SQL", "RevStack.SQL.csproj", "{B82ECB41-49A8-4498-9126-E368DF3CD0F6}"
EndProject
Global
	GlobalSection(SolutionConfigurationPlatforms) = preSolution
		Debug|Any CPU = Debug|Any CPU
		Release|Any CPU = Release|Any CPU
	EndGlobalSection
	GlobalSection(ProjectConfigurationPlatforms) = postSolution
		{B82ECB41-49A8-4498-9126-E368DF3CD0F6}.Debug|Any CPU.ActiveCfg = Debug|Any CPU
		{B82ECB41-49A8-4498-9126-E368DF3CD0F6}.Debug|Any CPU.Build.0 = Debug|Any CPU
		{B82ECB41-49A8-4498-9126-E368DF3CD0F6}.Release|Any CPU.ActiveCfg = Release|Any CPU
		{B82ECB41-49A8-4498-9126-E368DF3CD0F6}.Release|Any CPU.Build.0 = Release|Any CPU
	EndGlobalSection
	GlobalSection(SolutionProperties) = preSolution
		HideSolutionNode = FALSE
	EndGlobalSection
EndGlobal
